
Microsoft Visual Studio Solution File, Format Version 12.00
# Visual Studio Version 17
VisualStudioVersion = 17.7.34221.43
MinimumVisualStudioVersion = 10.0.40219.1
Project("{9A19103F-16F7-4668-BE54-9A1E7A4F7556}") = "Domain", "Domain\Domain.csproj", "{976D6339-AD83-4B3A-8518-CE6642D932CE}"
EndProject
Project("{9A19103F-16F7-4668-BE54-9A1E7A4F7556}") = "Application", "Application\Application.csproj", "{EE736ACE-E4A0-4624-8EB0-46B44B8C0D70}"
EndProject
Project("{9A19103F-16F7-4668-BE54-9A1E7A4F7556}") = "Infrastructure", "Infrastructure\Infrastructure.csproj", "{A6C49927-DCAA-439D-A5E6-5E6B1AA24FFC}"
EndProject
Project("{FAE04EC0-301F-11D3-BF4B-00C04F79EFBC}") = "Test", "Test\Test.csproj", "{87EC279D-5132-4B4E-A8E7-EA085233972A}"
EndProject
Project("{FAE04EC0-301F-11D3-BF4B-00C04F79EFBC}") = "API", "API\API.csproj", "{1642DDEE-1608-457A-90C6-A496A054A0E4}"
EndProject
Global
	GlobalSection(SolutionConfigurationPlatforms) = preSolution
		Debug|Any CPU = Debug|Any CPU
		Release|Any CPU = Release|Any CPU
	EndGlobalSection
	GlobalSection(ProjectConfigurationPlatforms) = postSolution
		{976D6339-AD83-4B3A-8518-CE6642D932CE}.Debug|Any CPU.ActiveCfg = Debug|Any CPU
		{976D6339-AD83-4B3A-8518-CE6642D932CE}.Debug|Any CPU.Build.0 = Debug|Any CPU
		{976D6339-AD83-4B3A-8518-CE6642D932CE}.Release|Any CPU.ActiveCfg = Release|Any CPU
		{976D6339-AD83-4B3A-8518-CE6642D932CE}.Release|Any CPU.Build.0 = Release|Any CPU
		{EE736ACE-E4A0-4624-8EB0-46B44B8C0D70}.Debug|Any CPU.ActiveCfg = Debug|Any CPU
		{EE736ACE-E4A0-4624-8EB0-46B44B8C0D70}.Debug|Any CPU.Build.0 = Debug|Any CPU
		{EE736ACE-E4A0-4624-8EB0-46B44B8C0D70}.Release|Any CPU.ActiveCfg = Release|Any CPU
		{EE736ACE-E4A0-4624-8EB0-46B44B8C0D70}.Release|Any CPU.Build.0 = Release|Any CPU
		{A6C49927-DCAA-439D-A5E6-5E6B1AA24FFC}.Debug|Any CPU.ActiveCfg = Debug|Any CPU
		{A6C49927-DCAA-439D-A5E6-5E6B1AA24FFC}.Debug|Any CPU.Build.0 = Debug|Any CPU
		{A6C49927-DCAA-439D-A5E6-5E6B1AA24FFC}.Release|Any CPU.ActiveCfg = Release|Any CPU
		{A6C49927-DCAA-439D-A5E6-5E6B1AA24FFC}.Release|Any CPU.Build.0 = Release|Any CPU
		{87EC279D-5132-4B4E-A8E7-EA085233972A}.Debug|Any CPU.ActiveCfg = Debug|Any CPU
		{87EC279D-5132-4B4E-A8E7-EA085233972A}.Debug|Any CPU.Build.0 = Debug|Any CPU
		{87EC279D-5132-4B4E-A8E7-EA085233972A}.Release|Any CPU.ActiveCfg = Release|Any CPU
		{87EC279D-5132-4B4E-A8E7-EA085233972A}.Release|Any CPU.Build.0 = Release|Any CPU
		{1642DDEE-1608-457A-90C6-A496A054A0E4}.Debug|Any CPU.ActiveCfg = Debug|Any CPU
		{1642DDEE-1608-457A-90C6-A496A054A0E4}.Debug|Any CPU.Build.0 = Debug|Any CPU
		{1642DDEE-1608-457A-90C6-A496A054A0E4}.Release|Any CPU.ActiveCfg = Release|Any CPU
		{1642DDEE-1608-457A-90C6-A496A054A0E4}.Release|Any CPU.Build.0 = Release|Any CPU
	EndGlobalSection
	GlobalSection(SolutionProperties) = preSolution
		HideSolutionNode = FALSE
	EndGlobalSection
	GlobalSection(ExtensibilityGlobals) = postSolution
		SolutionGuid = {F322F972-95BD-46A7-8F7D-64FC8CF358EC}
	EndGlobalSection
EndGlobal
